
Microsoft Visual Studio Solution File, Format Version 12.00
# Visual Studio Version 17
VisualStudioVersion = 17.6.33723.286
MinimumVisualStudioVersion = 10.0.40219.1
Project("{FAE04EC0-301F-11D3-BF4B-00C04F79EFBC}") = "ZenOzTool", "ZenOzTool\ZenOzTool.csproj", "{358FA322-327C-486F-9729-26DACAB1FE72}"
EndProject
Global
	GlobalSection(SolutionConfigurationPlatforms) = preSolution
		Debug|Any CPU = Debug|Any CPU
		Release|Any CPU = Release|Any CPU
	EndGlobalSection
	GlobalSection(ProjectConfigurationPlatforms) = postSolution
		{358FA322-327C-486F-9729-26DACAB1FE72}.Debug|Any CPU.ActiveCfg = Debug|Any CPU
		{358FA322-327C-486F-9729-26DACAB1FE72}.Debug|Any CPU.Build.0 = Debug|Any CPU
		{358FA322-327C-486F-9729-26DACAB1FE72}.Release|Any CPU.ActiveCfg = Release|Any CPU
		{358FA322-327C-486F-9729-26DACAB1FE72}.Release|Any CPU.Build.0 = Release|Any CPU
	EndGlobalSection
	GlobalSection(SolutionProperties) = preSolution
		HideSolutionNode = FALSE
	EndGlobalSection
	GlobalSection(ExtensibilityGlobals) = postSolution
		SolutionGuid = {7D4C1A4D-CA73-402D-8945-6B23294CE3D9}
	EndGlobalSection
EndGlobal
